
Microsoft Visual Studio Solution File, Format Version 12.00
# Visual Studio Version 16
VisualStudioVersion = 16.0.31025.194
MinimumVisualStudioVersion = 10.0.40219.1
Project("{FAE04EC0-301F-11D3-BF4B-00C04F79EFBC}") = "Bewerber", "Bewerber.csproj", "{FD6AE45A-E2AB-4C61-BE87-5001FB379C2B}"
EndProject
Global
	GlobalSection(SolutionConfigurationPlatforms) = preSolution
		Debug|Any CPU = Debug|Any CPU
		Release|Any CPU = Release|Any CPU
	EndGlobalSection
	GlobalSection(ProjectConfigurationPlatforms) = postSolution
		{FD6AE45A-E2AB-4C61-BE87-5001FB379C2B}.Debug|Any CPU.ActiveCfg = Debug|Any CPU
		{FD6AE45A-E2AB-4C61-BE87-5001FB379C2B}.Debug|Any CPU.Build.0 = Debug|Any CPU
		{FD6AE45A-E2AB-4C61-BE87-5001FB379C2B}.Release|Any CPU.ActiveCfg = Release|Any CPU
		{FD6AE45A-E2AB-4C61-BE87-5001FB379C2B}.Release|Any CPU.Build.0 = Release|Any CPU
	EndGlobalSection
	GlobalSection(SolutionProperties) = preSolution
		HideSolutionNode = FALSE
	EndGlobalSection
	GlobalSection(ExtensibilityGlobals) = postSolution
		SolutionGuid = {F9A91804-CECB-40A3-B060-8A1CD25B2C31}
	EndGlobalSection
EndGlobal
